{
  "originHash" : "3e4436d23b32c6193c2c490860a0aeca9fe0314b05571afd70702a5a43d0d984",
  "pins" : [
    {
      "identity" : "swift-asn1",
      "kind" : "remoteSourceControl",
      "location" : "https://github.com/apple/swift-asn1.git",
      "state" : {
        "revision" : "3b6410f7dee09eb33cdd26260c5fd47fda19b0e2",
        "version" : "1.7.3"
      }
    },
    {
      "identity" : "swift-crypto",
      "kind" : "remoteSourceControl",
      "location" : "https://github.com/apple/swift-crypto.git",
      "state" : {
        "revision" : "bb4ba815dab96d4edc1e0b86d7b9acf9ff973a84",
        "version" : "4.3.1"
      }
    }
  ],
  "version" : 3
}
